
Microsoft Visual Studio Solution File, Format Version 12.00
# Visual Studio Version 17
VisualStudioVersion = 17.1.32421.90
MinimumVisualStudioVersion = 10.0.40219.1
Project("{9A19103F-16F7-4668-BE54-9A1E7A4F7556}") = "Entra21.ExemplosWhile", "Entra21.ExemplosWhile\Entra21.ExemplosWhile.csproj", "{890C4A7B-DDEB-47F8-BE01-B0895DDA406E}"
EndProject
Project("{9A19103F-16F7-4668-BE54-9A1E7A4F7556}") = "Entra21.ExerciciosWhile", "Entra21.ExerciciosWhile\Entra21.ExerciciosWhile.csproj", "{823E7675-718D-4F77-87CB-6899779AEF18}"
EndProject
Project("{9A19103F-16F7-4668-BE54-9A1E7A4F7556}") = "Entra21.ExemplosFor", "Entra21.ExemplosFor\Entra21.ExemplosFor.csproj", "{C0E847E6-079D-4BD5-BC8E-F54E49D45FA1}"
EndProject
Project("{9A19103F-16F7-4668-BE54-9A1E7A4F7556}") = "Entra21.ExerciciosFor", "Entra21.ExerciciosFor\Entra21.ExerciciosFor.csproj", "{3C2B2F40-42A1-463B-9777-4A578C552144}"
EndProject
Project("{9A19103F-16F7-4668-BE54-9A1E7A4F7556}") = "Entra21.ExemplosVetor", "Entra21.ExemplosVetor\Entra21.ExemplosVetor.csproj", "{9D7A64E4-F4C8-475B-AA3C-1A26FC66C6AB}"
EndProject
Project("{9A19103F-16F7-4668-BE54-9A1E7A4F7556}") = "Entra21.ExerciciosVetor", "Entra21.ExerciciosVetor\Entra21.ExerciciosVetor.csproj", "{0B0E195B-83F5-47AF-8630-8CD7E41463A3}"
EndProject
Project("{9A19103F-16F7-4668-BE54-9A1E7A4F7556}") = "Entra21.ExemploOrientacaoObjetos", "entra21.ExemploOrientacaoObjetos\Entra21.ExemploOrientacaoObjetos.csproj", "{837472EC-AC94-4DAD-AC63-0E014CDEC3F1}"
EndProject
Project("{9A19103F-16F7-4668-BE54-9A1E7A4F7556}") = "Entra21.ExemploOrientacaoObjetos.Tests", "entra21.ExemploOrientacaoObjetos.Tests\Entra21.ExemploOrientacaoObjetos.Tests.csproj", "{2DE1E9C8-A7D3-4B76-8CE2-54AFE84D1335}"
EndProject
Project("{9A19103F-16F7-4668-BE54-9A1E7A4F7556}") = "Entra21.ExerciciosOrientacaoObjeto", "entra21.ExerciciosOrientaçãoObjeto\Entra21.ExerciciosOrientacaoObjeto.csproj", "{58B78025-2823-40E0-B00D-46B4B921A9CC}"
EndProject
Project("{9A19103F-16F7-4668-BE54-9A1E7A4F7556}") = "Entra21.ExerciciosOrientacaoObjeto.Tests", "Entra21.ExerciciosOrientacaoObjeto.Tests\Entra21.ExerciciosOrientacaoObjeto.Tests.csproj", "{9A24E3E0-B0FA-478F-910F-8C10A9164684}"
EndProject
Project("{9A19103F-16F7-4668-BE54-9A1E7A4F7556}") = "entra21.ListaTiposPrimitivos", "entra21.ListaTiposPrimitivos\entra21.ListaTiposPrimitivos.csproj", "{38E3B0DA-869E-4BC7-8031-70CDF1E771EB}"
EndProject
Project("{9A19103F-16F7-4668-BE54-9A1E7A4F7556}") = "Entra21.ExemploObjeto", "Entra21.ExemploObjeto\Entra21.ExemploObjeto.csproj", "{03340E28-A66D-49C0-B4C8-964445616307}"
EndProject
Project("{FAE04EC0-301F-11D3-BF4B-00C04F79EFBC}") = "Entra21.ExerciciosListaObjetos", "Entra21.ExerciciosListaObjetos\Entra21.ExerciciosListaObjetos.csproj", "{0811F53A-46E7-4CE9-A601-9F6C27AFECE3}"
EndProject
Global
	GlobalSection(SolutionConfigurationPlatforms) = preSolution
		Debug|Any CPU = Debug|Any CPU
		Release|Any CPU = Release|Any CPU
	EndGlobalSection
	GlobalSection(ProjectConfigurationPlatforms) = postSolution
		{890C4A7B-DDEB-47F8-BE01-B0895DDA406E}.Debug|Any CPU.ActiveCfg = Debug|Any CPU
		{890C4A7B-DDEB-47F8-BE01-B0895DDA406E}.Debug|Any CPU.Build.0 = Debug|Any CPU
		{890C4A7B-DDEB-47F8-BE01-B0895DDA406E}.Release|Any CPU.ActiveCfg = Release|Any CPU
		{890C4A7B-DDEB-47F8-BE01-B0895DDA406E}.Release|Any CPU.Build.0 = Release|Any CPU
		{823E7675-718D-4F77-87CB-6899779AEF18}.Debug|Any CPU.ActiveCfg = Debug|Any CPU
		{823E7675-718D-4F77-87CB-6899779AEF18}.Debug|Any CPU.Build.0 = Debug|Any CPU
		{823E7675-718D-4F77-87CB-6899779AEF18}.Release|Any CPU.ActiveCfg = Release|Any CPU
		{823E7675-718D-4F77-87CB-6899779AEF18}.Release|Any CPU.Build.0 = Release|Any CPU
		{C0E847E6-079D-4BD5-BC8E-F54E49D45FA1}.Debug|Any CPU.ActiveCfg = Debug|Any CPU
		{C0E847E6-079D-4BD5-BC8E-F54E49D45FA1}.Debug|Any CPU.Build.0 = Debug|Any CPU
		{C0E847E6-079D-4BD5-BC8E-F54E49D45FA1}.Release|Any CPU.ActiveCfg = Release|Any CPU
		{C0E847E6-079D-4BD5-BC8E-F54E49D45FA1}.Release|Any CPU.Build.0 = Release|Any CPU
		{3C2B2F40-42A1-463B-9777-4A578C552144}.Debug|Any CPU.ActiveCfg = Debug|Any CPU
		{3C2B2F40-42A1-463B-9777-4A578C552144}.Debug|Any CPU.Build.0 = Debug|Any CPU
		{3C2B2F40-42A1-463B-9777-4A578C552144}.Release|Any CPU.ActiveCfg = Release|Any CPU
		{3C2B2F40-42A1-463B-9777-4A578C552144}.Release|Any CPU.Build.0 = Release|Any CPU
		{9D7A64E4-F4C8-475B-AA3C-1A26FC66C6AB}.Debug|Any CPU.ActiveCfg = Debug|Any CPU
		{9D7A64E4-F4C8-475B-AA3C-1A26FC66C6AB}.Debug|Any CPU.Build.0 = Debug|Any CPU
		{9D7A64E4-F4C8-475B-AA3C-1A26FC66C6AB}.Release|Any CPU.ActiveCfg = Release|Any CPU
		{9D7A64E4-F4C8-475B-AA3C-1A26FC66C6AB}.Release|Any CPU.Build.0 = Release|Any CPU
		{0B0E195B-83F5-47AF-8630-8CD7E41463A3}.Debug|Any CPU.ActiveCfg = Debug|Any CPU
		{0B0E195B-83F5-47AF-8630-8CD7E41463A3}.Debug|Any CPU.Build.0 = Debug|Any CPU
		{0B0E195B-83F5-47AF-8630-8CD7E41463A3}.Release|Any CPU.ActiveCfg = Release|Any CPU
		{0B0E195B-83F5-47AF-8630-8CD7E41463A3}.Release|Any CPU.Build.0 = Release|Any CPU
		{837472EC-AC94-4DAD-AC63-0E014CDEC3F1}.Debug|Any CPU.ActiveCfg = Debug|Any CPU
		{837472EC-AC94-4DAD-AC63-0E014CDEC3F1}.Debug|Any CPU.Build.0 = Debug|Any CPU
		{837472EC-AC94-4DAD-AC63-0E014CDEC3F1}.Release|Any CPU.ActiveCfg = Release|Any CPU
		{837472EC-AC94-4DAD-AC63-0E014CDEC3F1}.Release|Any CPU.Build.0 = Release|Any CPU
		{2DE1E9C8-A7D3-4B76-8CE2-54AFE84D1335}.Debug|Any CPU.ActiveCfg = Debug|Any CPU
		{2DE1E9C8-A7D3-4B76-8CE2-54AFE84D1335}.Debug|Any CPU.Build.0 = Debug|Any CPU
		{2DE1E9C8-A7D3-4B76-8CE2-54AFE84D1335}.Release|Any CPU.ActiveCfg = Release|Any CPU
		{2DE1E9C8-A7D3-4B76-8CE2-54AFE84D1335}.Release|Any CPU.Build.0 = Release|Any CPU
		{58B78025-2823-40E0-B00D-46B4B921A9CC}.Debug|Any CPU.ActiveCfg = Debug|Any CPU
		{58B78025-2823-40E0-B00D-46B4B921A9CC}.Debug|Any CPU.Build.0 = Debug|Any CPU
		{58B78025-2823-40E0-B00D-46B4B921A9CC}.Release|Any CPU.ActiveCfg = Release|Any CPU
		{58B78025-2823-40E0-B00D-46B4B921A9CC}.Release|Any CPU.Build.0 = Release|Any CPU
		{9A24E3E0-B0FA-478F-910F-8C10A9164684}.Debug|Any CPU.ActiveCfg = Debug|Any CPU
		{9A24E3E0-B0FA-478F-910F-8C10A9164684}.Debug|Any CPU.Build.0 = Debug|Any CPU
		{9A24E3E0-B0FA-478F-910F-8C10A9164684}.Release|Any CPU.ActiveCfg = Release|Any CPU
		{9A24E3E0-B0FA-478F-910F-8C10A9164684}.Release|Any CPU.Build.0 = Release|Any CPU
		{38E3B0DA-869E-4BC7-8031-70CDF1E771EB}.Debug|Any CPU.ActiveCfg = Debug|Any CPU
		{38E3B0DA-869E-4BC7-8031-70CDF1E771EB}.Debug|Any CPU.Build.0 = Debug|Any CPU
		{38E3B0DA-869E-4BC7-8031-70CDF1E771EB}.Release|Any CPU.ActiveCfg = Release|Any CPU
		{38E3B0DA-869E-4BC7-8031-70CDF1E771EB}.Release|Any CPU.Build.0 = Release|Any CPU
		{03340E28-A66D-49C0-B4C8-964445616307}.Debug|Any CPU.ActiveCfg = Debug|Any CPU
		{03340E28-A66D-49C0-B4C8-964445616307}.Debug|Any CPU.Build.0 = Debug|Any CPU
		{03340E28-A66D-49C0-B4C8-964445616307}.Release|Any CPU.ActiveCfg = Release|Any CPU
		{03340E28-A66D-49C0-B4C8-964445616307}.Release|Any CPU.Build.0 = Release|Any CPU
		{0811F53A-46E7-4CE9-A601-9F6C27AFECE3}.Debug|Any CPU.ActiveCfg = Debug|Any CPU
		{0811F53A-46E7-4CE9-A601-9F6C27AFECE3}.Debug|Any CPU.Build.0 = Debug|Any CPU
		{0811F53A-46E7-4CE9-A601-9F6C27AFECE3}.Release|Any CPU.ActiveCfg = Release|Any CPU
		{0811F53A-46E7-4CE9-A601-9F6C27AFECE3}.Release|Any CPU.Build.0 = Release|Any CPU
	EndGlobalSection
	GlobalSection(SolutionProperties) = preSolution
		HideSolutionNode = FALSE
	EndGlobalSection
	GlobalSection(ExtensibilityGlobals) = postSolution
		SolutionGuid = {80590B8A-2990-40B6-9D6B-1B3851CE59BE}
	EndGlobalSection
EndGlobal
